
Microsoft Visual Studio Solution File, Format Version 12.00
# Visual Studio Version 16
VisualStudioVersion = 16.0.30128.74
MinimumVisualStudioVersion = 10.0.40219.1
Project("{FAE04EC0-301F-11D3-BF4B-00C04F79EFBC}") = "Quant-BackTest-Backend", "Quant-BackTest-Backend.csproj", "{A054DAED-3781-4A83-9C05-98020DB96364}"
EndProject
Project("{FAE04EC0-301F-11D3-BF4B-00C04F79EFBC}") = "WordReportModule", "..\WordReportModule\WordReportModule.csproj", "{B341F952-BAB9-417B-8BF2-943D115D5C53}"
EndProject
Project("{FAE04EC0-301F-11D3-BF4B-00C04F79EFBC}") = "DataFileModule", "..\DataFileModule\DataFileModule.csproj", "{8F07E44D-2763-47E9-9C3E-B3313DFFF9F4}"
EndProject
Project("{FAE04EC0-301F-11D3-BF4B-00C04F79EFBC}") = "CommonUtils", "..\CommonUtils\CommonUtils.csproj", "{5EC1B8A7-61CB-43B0-89AD-62BE8F65772B}"
EndProject
Project("{FAE04EC0-301F-11D3-BF4B-00C04F79EFBC}") = "BacktestEnginne", "..\BacktestEnginne\BacktestEnginne.csproj", "{A12DB5CF-ACE6-4EFE-95F1-7652B24EF521}"
EndProject
Project("{8BC9CEB8-8B4A-11D0-8D11-00A0C91BC942}") = "FileManagement", "..\FileManagement\FileManagement.vcxproj", "{B98734C0-3DAC-498F-B2EA-6E69F56C4DB6}"
EndProject
Project("{FAE04EC0-301F-11D3-BF4B-00C04F79EFBC}") = "WebsocketUtils", "..\WebsocketUtils\WebsocketUtils.csproj", "{ED05072F-D390-43A6-99E1-3BA870F84FB2}"
EndProject
Project("{8BC9CEB8-8B4A-11D0-8D11-00A0C91BC942}") = "PasswordEncryptor", "..\PasswordEncryptor\PasswordEncryptor.vcxproj", "{CD34FBD8-C492-40D7-8DB5-AD1617A1815E}"
EndProject
Project("{8BC9CEB8-8B4A-11D0-8D11-00A0C91BC942}") = "PasswordEncryptorPS", "..\PasswordEncryptor\PasswordEncryptorPS\PasswordEncryptorPS.vcxproj", "{3F989DD6-CF1D-4AA2-A384-F80D81BFF000}"
	ProjectSection(ProjectDependencies) = postProject
		{CD34FBD8-C492-40D7-8DB5-AD1617A1815E} = {CD34FBD8-C492-40D7-8DB5-AD1617A1815E}
	EndProjectSection
EndProject
Global
	GlobalSection(SolutionConfigurationPlatforms) = preSolution
		Debug|Any CPU = Debug|Any CPU
		Debug|x64 = Debug|x64
		Debug|x86 = Debug|x86
		Release|Any CPU = Release|Any CPU
		Release|x64 = Release|x64
		Release|x86 = Release|x86
	EndGlobalSection
	GlobalSection(ProjectConfigurationPlatforms) = postSolution
		{A054DAED-3781-4A83-9C05-98020DB96364}.Debug|Any CPU.ActiveCfg = Debug|Any CPU
		{A054DAED-3781-4A83-9C05-98020DB96364}.Debug|Any CPU.Build.0 = Debug|Any CPU
		{A054DAED-3781-4A83-9C05-98020DB96364}.Debug|x64.ActiveCfg = Debug|Any CPU
		{A054DAED-3781-4A83-9C05-98020DB96364}.Debug|x64.Build.0 = Debug|Any CPU
		{A054DAED-3781-4A83-9C05-98020DB96364}.Debug|x86.ActiveCfg = Debug|Any CPU
		{A054DAED-3781-4A83-9C05-98020DB96364}.Debug|x86.Build.0 = Debug|Any CPU
		{A054DAED-3781-4A83-9C05-98020DB96364}.Release|Any CPU.ActiveCfg = Release|Any CPU
		{A054DAED-3781-4A83-9C05-98020DB96364}.Release|Any CPU.Build.0 = Release|Any CPU
		{A054DAED-3781-4A83-9C05-98020DB96364}.Release|x64.ActiveCfg = Release|Any CPU
		{A054DAED-3781-4A83-9C05-98020DB96364}.Release|x64.Build.0 = Release|Any CPU
		{A054DAED-3781-4A83-9C05-98020DB96364}.Release|x86.ActiveCfg = Release|Any CPU
		{A054DAED-3781-4A83-9C05-98020DB96364}.Release|x86.Build.0 = Release|Any CPU
		{B341F952-BAB9-417B-8BF2-943D115D5C53}.Debug|Any CPU.ActiveCfg = Debug|Any CPU
		{B341F952-BAB9-417B-8BF2-943D115D5C53}.Debug|Any CPU.Build.0 = Debug|Any CPU
		{B341F952-BAB9-417B-8BF2-943D115D5C53}.Debug|x64.ActiveCfg = Debug|Any CPU
		{B341F952-BAB9-417B-8BF2-943D115D5C53}.Debug|x64.Build.0 = Debug|Any CPU
		{B341F952-BAB9-417B-8BF2-943D115D5C53}.Debug|x86.ActiveCfg = Debug|Any CPU
		{B341F952-BAB9-417B-8BF2-943D115D5C53}.Debug|x86.Build.0 = Debug|Any CPU
		{B341F952-BAB9-417B-8BF2-943D115D5C53}.Release|Any CPU.ActiveCfg = Release|Any CPU
		{B341F952-BAB9-417B-8BF2-943D115D5C53}.Release|Any CPU.Build.0 = Release|Any CPU
		{B341F952-BAB9-417B-8BF2-943D115D5C53}.Release|x64.ActiveCfg = Release|Any CPU
		{B341F952-BAB9-417B-8BF2-943D115D5C53}.Release|x64.Build.0 = Release|Any CPU
		{B341F952-BAB9-417B-8BF2-943D115D5C53}.Release|x86.ActiveCfg = Release|Any CPU
		{B341F952-BAB9-417B-8BF2-943D115D5C53}.Release|x86.Build.0 = Release|Any CPU
		{8F07E44D-2763-47E9-9C3E-B3313DFFF9F4}.Debug|Any CPU.ActiveCfg = Debug|Any CPU
		{8F07E44D-2763-47E9-9C3E-B3313DFFF9F4}.Debug|Any CPU.Build.0 = Debug|Any CPU
		{8F07E44D-2763-47E9-9C3E-B3313DFFF9F4}.Debug|x64.ActiveCfg = Debug|Any CPU
		{8F07E44D-2763-47E9-9C3E-B3313DFFF9F4}.Debug|x64.Build.0 = Debug|Any CPU
		{8F07E44D-2763-47E9-9C3E-B3313DFFF9F4}.Debug|x86.ActiveCfg = Debug|Any CPU
		{8F07E44D-2763-47E9-9C3E-B3313DFFF9F4}.Debug|x86.Build.0 = Debug|Any CPU
		{8F07E44D-2763-47E9-9C3E-B3313DFFF9F4}.Release|Any CPU.ActiveCfg = Release|Any CPU
		{8F07E44D-2763-47E9-9C3E-B3313DFFF9F4}.Release|Any CPU.Build.0 = Release|Any CPU
		{8F07E44D-2763-47E9-9C3E-B3313DFFF9F4}.Release|x64.ActiveCfg = Release|Any CPU
		{8F07E44D-2763-47E9-9C3E-B3313DFFF9F4}.Release|x64.Build.0 = Release|Any CPU
		{8F07E44D-2763-47E9-9C3E-B3313DFFF9F4}.Release|x86.ActiveCfg = Release|Any CPU
		{8F07E44D-2763-47E9-9C3E-B3313DFFF9F4}.Release|x86.Build.0 = Release|Any CPU
		{5EC1B8A7-61CB-43B0-89AD-62BE8F65772B}.Debug|Any CPU.ActiveCfg = Debug|Any CPU
		{5EC1B8A7-61CB-43B0-89AD-62BE8F65772B}.Debug|Any CPU.Build.0 = Debug|Any CPU
		{5EC1B8A7-61CB-43B0-89AD-62BE8F65772B}.Debug|x64.ActiveCfg = Debug|Any CPU
		{5EC1B8A7-61CB-43B0-89AD-62BE8F65772B}.Debug|x64.Build.0 = Debug|Any CPU
		{5EC1B8A7-61CB-43B0-89AD-62BE8F65772B}.Debug|x86.ActiveCfg = Debug|Any CPU
		{5EC1B8A7-61CB-43B0-89AD-62BE8F65772B}.Debug|x86.Build.0 = Debug|Any CPU
		{5EC1B8A7-61CB-43B0-89AD-62BE8F65772B}.Release|Any CPU.ActiveCfg = Release|Any CPU
		{5EC1B8A7-61CB-43B0-89AD-62BE8F65772B}.Release|Any CPU.Build.0 = Release|Any CPU
		{5EC1B8A7-61CB-43B0-89AD-62BE8F65772B}.Release|x64.ActiveCfg = Release|Any CPU
		{5EC1B8A7-61CB-43B0-89AD-62BE8F65772B}.Release|x64.Build.0 = Release|Any CPU
		{5EC1B8A7-61CB-43B0-89AD-62BE8F65772B}.Release|x86.ActiveCfg = Release|Any CPU
		{5EC1B8A7-61CB-43B0-89AD-62BE8F65772B}.Release|x86.Build.0 = Release|Any CPU
		{A12DB5CF-ACE6-4EFE-95F1-7652B24EF521}.Debug|Any CPU.ActiveCfg = Debug|Any CPU
		{A12DB5CF-ACE6-4EFE-95F1-7652B24EF521}.Debug|Any CPU.Build.0 = Debug|Any CPU
		{A12DB5CF-ACE6-4EFE-95F1-7652B24EF521}.Debug|x64.ActiveCfg = Debug|Any CPU
		{A12DB5CF-ACE6-4EFE-95F1-7652B24EF521}.Debug|x64.Build.0 = Debug|Any CPU
		{A12DB5CF-ACE6-4EFE-95F1-7652B24EF521}.Debug|x86.ActiveCfg = Debug|Any CPU
		{A12DB5CF-ACE6-4EFE-95F1-7652B24EF521}.Debug|x86.Build.0 = Debug|Any CPU
		{A12DB5CF-ACE6-4EFE-95F1-7652B24EF521}.Release|Any CPU.ActiveCfg = Release|Any CPU
		{A12DB5CF-ACE6-4EFE-95F1-7652B24EF521}.Release|Any CPU.Build.0 = Release|Any CPU
		{A12DB5CF-ACE6-4EFE-95F1-7652B24EF521}.Release|x64.ActiveCfg = Release|Any CPU
		{A12DB5CF-ACE6-4EFE-95F1-7652B24EF521}.Release|x64.Build.0 = Release|Any CPU
		{A12DB5CF-ACE6-4EFE-95F1-7652B24EF521}.Release|x86.ActiveCfg = Release|Any CPU
		{A12DB5CF-ACE6-4EFE-95F1-7652B24EF521}.Release|x86.Build.0 = Release|Any CPU
		{B98734C0-3DAC-498F-B2EA-6E69F56C4DB6}.Debug|Any CPU.ActiveCfg = Debug|Win32
		{B98734C0-3DAC-498F-B2EA-6E69F56C4DB6}.Debug|x64.ActiveCfg = Debug|x64
		{B98734C0-3DAC-498F-B2EA-6E69F56C4DB6}.Debug|x64.Build.0 = Debug|x64
		{B98734C0-3DAC-498F-B2EA-6E69F56C4DB6}.Debug|x86.ActiveCfg = Debug|Win32
		{B98734C0-3DAC-498F-B2EA-6E69F56C4DB6}.Debug|x86.Build.0 = Debug|Win32
		{B98734C0-3DAC-498F-B2EA-6E69F56C4DB6}.Release|Any CPU.ActiveCfg = Release|Win32
		{B98734C0-3DAC-498F-B2EA-6E69F56C4DB6}.Release|x64.ActiveCfg = Release|x64
		{B98734C0-3DAC-498F-B2EA-6E69F56C4DB6}.Release|x86.ActiveCfg = Release|Win32
		{ED05072F-D390-43A6-99E1-3BA870F84FB2}.Debug|Any CPU.ActiveCfg = Debug|Any CPU
		{ED05072F-D390-43A6-99E1-3BA870F84FB2}.Debug|Any CPU.Build.0 = Debug|Any CPU
		{ED05072F-D390-43A6-99E1-3BA870F84FB2}.Debug|x64.ActiveCfg = Debug|Any CPU
		{ED05072F-D390-43A6-99E1-3BA870F84FB2}.Debug|x64.Build.0 = Debug|Any CPU
		{ED05072F-D390-43A6-99E1-3BA870F84FB2}.Debug|x86.ActiveCfg = Debug|Any CPU
		{ED05072F-D390-43A6-99E1-3BA870F84FB2}.Debug|x86.Build.0 = Debug|Any CPU
		{ED05072F-D390-43A6-99E1-3BA870F84FB2}.Release|Any CPU.ActiveCfg = Release|Any CPU
		{ED05072F-D390-43A6-99E1-3BA870F84FB2}.Release|Any CPU.Build.0 = Release|Any CPU
		{ED05072F-D390-43A6-99E1-3BA870F84FB2}.Release|x64.ActiveCfg = Release|Any CPU
		{ED05072F-D390-43A6-99E1-3BA870F84FB2}.Release|x64.Build.0 = Release|Any CPU
		{ED05072F-D390-43A6-99E1-3BA870F84FB2}.Release|x86.ActiveCfg = Release|Any CPU
		{ED05072F-D390-43A6-99E1-3BA870F84FB2}.Release|x86.Build.0 = Release|Any CPU
		{CD34FBD8-C492-40D7-8DB5-AD1617A1815E}.Debug|Any CPU.ActiveCfg = Debug|Win32
		{CD34FBD8-C492-40D7-8DB5-AD1617A1815E}.Debug|x64.ActiveCfg = Debug|x64
		{CD34FBD8-C492-40D7-8DB5-AD1617A1815E}.Debug|x64.Build.0 = Debug|x64
		{CD34FBD8-C492-40D7-8DB5-AD1617A1815E}.Debug|x86.ActiveCfg = Debug|Win32
		{CD34FBD8-C492-40D7-8DB5-AD1617A1815E}.Debug|x86.Build.0 = Debug|Win32
		{CD34FBD8-C492-40D7-8DB5-AD1617A1815E}.Release|Any CPU.ActiveCfg = Release|Win32
		{CD34FBD8-C492-40D7-8DB5-AD1617A1815E}.Release|x64.ActiveCfg = Release|x64
		{CD34FBD8-C492-40D7-8DB5-AD1617A1815E}.Release|x64.Build.0 = Release|x64
		{CD34FBD8-C492-40D7-8DB5-AD1617A1815E}.Release|x86.ActiveCfg = Release|Win32
		{CD34FBD8-C492-40D7-8DB5-AD1617A1815E}.Release|x86.Build.0 = Release|Win32
		{3F989DD6-CF1D-4AA2-A384-F80D81BFF000}.Debug|Any CPU.ActiveCfg = Debug|Win32
		{3F989DD6-CF1D-4AA2-A384-F80D81BFF000}.Debug|x64.ActiveCfg = Debug|x64
		{3F989DD6-CF1D-4AA2-A384-F80D81BFF000}.Debug|x86.ActiveCfg = Debug|Win32
		{3F989DD6-CF1D-4AA2-A384-F80D81BFF000}.Release|Any CPU.ActiveCfg = Release|Win32
		{3F989DD6-CF1D-4AA2-A384-F80D81BFF000}.Release|x64.ActiveCfg = Release|x64
		{3F989DD6-CF1D-4AA2-A384-F80D81BFF000}.Release|x86.ActiveCfg = Release|Win32
	EndGlobalSection
	GlobalSection(SolutionProperties) = preSolution
		HideSolutionNode = FALSE
	EndGlobalSection
	GlobalSection(ExtensibilityGlobals) = postSolution
		SolutionGuid = {4A30B4BC-B174-41BE-9ABD-15A96B67E6B8}
	EndGlobalSection
EndGlobal
